{
  "version": 4,
  "terraform_version": "0.14.9",
  "serial": 7,
  "lineage": "efb5c879-d2ff-3266-9359-e348345e327f",
  "outputs": {
    "ip": {
      "value": "google_compute_instance.mi-recurso-google.network_interface.0.access_config.0.nat_ip",
      "type": "string"
    }
  },
  "resources": [
    {
      "mode": "managed",
      "type": "google_compute_firewall",
      "name": "http-server",
      "provider": "provider[\"registry.terraform.io/hashicorp/google\"]",
      "instances": [
        {
          "schema_version": 1,
          "attributes": {
            "allow": [
              {
                "ports": [
                  "80"
                ],
                "protocol": "tcp"
              }
            ],
            "creation_timestamp": "2021-05-02T12:36:31.294-07:00",
            "deny": [],
            "description": "",
            "destination_ranges": [],
            "direction": "INGRESS",
            "disabled": false,
            "enable_logging": null,
            "id": "projects/947072184123/global/firewalls/default-allow-http-terraform",
            "log_config": [],
            "name": "default-allow-http-terraform",
            "network": "https://www.googleapis.com/compute/v1/projects/positive-design-305716/global/networks/network-instance",
            "priority": 1000,
            "project": "947072184123",
            "self_link": "https://www.googleapis.com/compute/v1/projects/positive-design-305716/global/firewalls/default-allow-http-terraform",
            "source_ranges": [
              "0.0.0.0/0"
            ],
            "source_service_accounts": null,
            "source_tags": null,
            "target_service_accounts": null,
            "target_tags": [
              "http-server"
            ],
            "timeouts": null
          },
          "sensitive_attributes": [],
          "private": "eyJlMmJmYjczMC1lY2FhLTExZTYtOGY4OC0zNDM2M2JjN2M0YzAiOnsiY3JlYXRlIjoyNDAwMDAwMDAwMDAsImRlbGV0ZSI6MjQwMDAwMDAwMDAwLCJ1cGRhdGUiOjI0MDAwMDAwMDAwMH0sInNjaGVtYV92ZXJzaW9uIjoiMSJ9"
        }
      ]
    },
    {
      "mode": "managed",
      "type": "google_compute_firewall",
      "name": "ssh-server",
      "provider": "provider[\"registry.terraform.io/hashicorp/google\"]",
      "instances": [
        {
          "schema_version": 1,
          "attributes": {
            "allow": [
              {
                "ports": [
                  "22"
                ],
                "protocol": "tcp"
              }
            ],
            "creation_timestamp": "2021-05-02T12:36:31.249-07:00",
            "deny": [],
            "description": "",
            "destination_ranges": [],
            "direction": "INGRESS",
            "disabled": false,
            "enable_logging": null,
            "id": "projects/947072184123/global/firewalls/default-allow-ssh-terraform",
            "log_config": [],
            "name": "default-allow-ssh-terraform",
            "network": "https://www.googleapis.com/compute/v1/projects/positive-design-305716/global/networks/network-instance",
            "priority": 1000,
            "project": "947072184123",
            "self_link": "https://www.googleapis.com/compute/v1/projects/positive-design-305716/global/firewalls/default-allow-ssh-terraform",
            "source_ranges": [
              "0.0.0.0/0"
            ],
            "source_service_accounts": null,
            "source_tags": null,
            "target_service_accounts": null,
            "target_tags": [
              "ssh-server"
            ],
            "timeouts": null
          },
          "sensitive_attributes": [],
          "private": "eyJlMmJmYjczMC1lY2FhLTExZTYtOGY4OC0zNDM2M2JjN2M0YzAiOnsiY3JlYXRlIjoyNDAwMDAwMDAwMDAsImRlbGV0ZSI6MjQwMDAwMDAwMDAwLCJ1cGRhdGUiOjI0MDAwMDAwMDAwMH0sInNjaGVtYV92ZXJzaW9uIjoiMSJ9"
        }
      ]
    },
    {
      "mode": "managed",
      "type": "google_compute_instance",
      "name": "mi-recurso-google",
      "provider": "provider[\"registry.terraform.io/hashicorp/google\"]",
      "instances": [
        {
          "schema_version": 6,
          "attributes": {
            "allow_stopping_for_update": null,
            "attached_disk": [],
            "boot_disk": [
              {
                "auto_delete": true,
                "device_name": "persistent-disk-0",
                "disk_encryption_key_raw": "",
                "disk_encryption_key_sha256": "",
                "initialize_params": [
                  {
                    "image": "https://www.googleapis.com/compute/v1/projects/ubuntu-os-cloud/global/images/ubuntu-1804-bionic-v20200129a",
                    "labels": {},
                    "size": 10,
                    "type": "pd-standard"
                  }
                ],
                "kms_key_self_link": "",
                "mode": "READ_WRITE",
                "source": "https://www.googleapis.com/compute/v1/projects/positive-design-305716/zones/europe-west1-b/disks/webserver-tf"
              }
            ],
            "can_ip_forward": false,
            "confidential_instance_config": [],
            "cpu_platform": "Intel Haswell",
            "current_status": "RUNNING",
            "deletion_protection": false,
            "description": "",
            "desired_status": null,
            "enable_display": false,
            "guest_accelerator": [],
            "hostname": "",
            "id": "projects/947072184123/zones/europe-west1-b/instances/webserver-tf",
            "instance_id": "9046713828932534703",
            "label_fingerprint": "42WmSpB8rSM=",
            "labels": null,
            "machine_type": "f1-micro",
            "metadata": {
              "sshKeys": "ssh-rsa AAAAB3NzaC1yc2EAAAADAQABAAABAQDC9q2MEU0a/AKJqQFMTZjzL34Oe/xhZmqMBm1B41FEEGGLt6TOGYzz8YPI8e0J6+Efhtk0QaZCrrzmNVv6ZMbn7g/MkVFULqgfFNg9mm6UsBAnqHwM0oD0OnLDWwpwmciVbg3/aEu3+3tkyrOX7JoFLmlqT/Zq6Z/hQKqMVAFC1T8lu/qDCrvIGynfjzVrpmZQEK+Nr2E1uO55I37femXIeP4vRLKNv6t/fU8c8N4YaK46fOBLh87ZQg4IjI7gaKebhAun8+WB78KnoAZvnqZHqCF9nxQlzPEq8wLsQqo5eEIPJqLMeQyN3EvrJRRwmn1FZ723QK7mgypepvSscvFv alex@alex-VirtualBox\n"
            },
            "metadata_fingerprint": "nUT8tvuePr8=",
            "metadata_startup_script": "sudo apt-get update; sudo apt-get install apache2 -y; sudo apt install php7.2-cli -y;",
            "min_cpu_platform": "",
            "name": "webserver-tf",
            "network_interface": [
              {
                "access_config": [
                  {
                    "nat_ip": "34.77.53.219",
                    "network_tier": "PREMIUM",
                    "public_ptr_domain_name": ""
                  }
                ],
                "alias_ip_range": [],
                "name": "nic0",
                "network": "https://www.googleapis.com/compute/v1/projects/positive-design-305716/global/networks/network-instance",
                "network_ip": "10.132.0.29",
                "nic_type": "",
                "subnetwork": "https://www.googleapis.com/compute/v1/projects/positive-design-305716/regions/europe-west1/subnetworks/network-instance",
                "subnetwork_project": "positive-design-305716"
              }
            ],
            "project": "947072184123",
            "resource_policies": null,
            "scheduling": [
              {
                "automatic_restart": true,
                "min_node_cpus": 0,
                "node_affinities": [],
                "on_host_maintenance": "MIGRATE",
                "preemptible": false
              }
            ],
            "scratch_disk": [],
            "self_link": "https://www.googleapis.com/compute/v1/projects/positive-design-305716/zones/europe-west1-b/instances/webserver-tf",
            "service_account": [],
            "shielded_instance_config": [],
            "tags": [
              "http-server",
              "ssh-server"
            ],
            "tags_fingerprint": "3eL4F_0TT2s=",
            "timeouts": null,
            "zone": "europe-west1-b"
          },
          "sensitive_attributes": [],
          "private": "eyJlMmJmYjczMC1lY2FhLTExZTYtOGY4OC0zNDM2M2JjN2M0YzAiOnsiY3JlYXRlIjoxMjAwMDAwMDAwMDAwLCJkZWxldGUiOjEyMDAwMDAwMDAwMDAsInVwZGF0ZSI6MTIwMDAwMDAwMDAwMH0sInNjaGVtYV92ZXJzaW9uIjoiNiJ9"
        }
      ]
    },
    {
      "mode": "managed",
      "type": "google_sql_database",
      "name": "database1",
      "provider": "provider[\"registry.terraform.io/hashicorp/google\"]",
      "instances": [
        {
          "schema_version": 0,
          "attributes": {
            "charset": "utf8",
            "collation": "utf8_general_ci",
            "id": "projects/947072184123/instances/instancia-sql/databases/bd-sql",
            "instance": "instancia-sql",
            "name": "bd-sql",
            "project": "947072184123",
            "self_link": "https://sqladmin.googleapis.com/sql/v1beta4/projects/positive-design-305716/instances/instancia-sql/databases/bd-sql",
            "timeouts": null
          },
          "sensitive_attributes": [],
          "private": "eyJlMmJmYjczMC1lY2FhLTExZTYtOGY4OC0zNDM2M2JjN2M0YzAiOnsiY3JlYXRlIjo5MDAwMDAwMDAwMDAsImRlbGV0ZSI6NjAwMDAwMDAwMDAwLCJ1cGRhdGUiOjYwMDAwMDAwMDAwMH19",
          "dependencies": [
            "google_sql_database_instance.master1"
          ]
        }
      ]
    },
    {
      "mode": "managed",
      "type": "google_sql_database_instance",
      "name": "master1",
      "provider": "provider[\"registry.terraform.io/hashicorp/google\"]",
      "instances": [
        {
          "schema_version": 0,
          "attributes": {
            "clone": [],
            "connection_name": "positive-design-305716:europe-west1:instancia-sql",
            "database_version": "MYSQL_5_7",
            "deletion_protection": true,
            "first_ip_address": "34.78.26.225",
            "id": "instancia-sql",
            "ip_address": [
              {
                "ip_address": "34.78.26.225",
                "time_to_retire": "",
                "type": "PRIMARY"
              }
            ],
            "master_instance_name": "",
            "name": "instancia-sql",
            "private_ip_address": "",
            "project": "947072184123",
            "public_ip_address": "34.78.26.225",
            "region": "europe-west1",
            "replica_configuration": [],
            "restore_backup_context": [],
            "root_password": null,
            "self_link": "https://sqladmin.googleapis.com/sql/v1beta4/projects/positive-design-305716/instances/instancia-sql",
            "server_ca_cert": [
              {
                "cert": "-----BEGIN CERTIFICATE-----\nMIIDfzCCAmegAwIBAgIBADANBgkqhkiG9w0BAQsFADB3MS0wKwYDVQQuEyRhZWNk\nYjI4Yy03ZDZiLTQ0ZmYtYWM0Yi03YTI2Zjg1OTVmOWMxIzAhBgNVBAMTGkdvb2ds\nZSBDbG91ZCBTUUwgU2VydmVyIENBMRQwEgYDVQQKEwtHb29nbGUsIEluYzELMAkG\nA1UEBhMCVVMwHhcNMjEwNTAyMTkzNjM5WhcNMzEwNDMwMTkzNzM5WjB3MS0wKwYD\nVQQuEyRhZWNkYjI4Yy03ZDZiLTQ0ZmYtYWM0Yi03YTI2Zjg1OTVmOWMxIzAhBgNV\nBAMTGkdvb2dsZSBDbG91ZCBTUUwgU2VydmVyIENBMRQwEgYDVQQKEwtHb29nbGUs\nIEluYzELMAkGA1UEBhMCVVMwggEiMA0GCSqGSIb3DQEBAQUAA4IBDwAwggEKAoIB\nAQCOZnszOi/FvZc71RzpWgpth8AIjwv/jrUYR2flocA0BvjxUp4TYRCfn0XY+sBd\nHygxD+ft+1Cgh6ny1B3INZNrt6JzjODYjEcPWP0A/fVyk+14W95wEP8c0YXmtlj7\nIrcS8SoZqcU+sW/orD9b9l51JchEBdFSP5JuXzz3/RT9pobnIpHqHRq8q5pzeb6Q\nxiYBkLY0rKcYaCR1MROnnzxvkXy5mBHO7U2rhb07t8BvKOTkrvFPLb2LsLWT+cu7\nYMRpDxJzwG/2gI5eahFKbOiYU/3LOntCWjfFA/I+Jn6R6iEHj776/HjLnB+1LNn9\nBB47dxMNVCFly3x5A+7aePDtAgMBAAGjFjAUMBIGA1UdEwEB/wQIMAYBAf8CAQAw\nDQYJKoZIhvcNAQELBQADggEBAHgsTMmEywMMAYbzGooY0qAEkU+4IYBCmVHHK8bk\nIhloAq9s6I/3dunlhXvP1Vb2DBmyhOWdzKHMJ5/xUN/cGHFpbkgnpTmaAAS/NvZo\n4ji6X2EHrV1JfCiD3zcmIKneUDypZPCML8cnO6RUR0H2v/urx9YULj3KA4WPh1uF\nkUT84oJ8fV3Mq6dT/5aQiPIZI/zH1yOWEcd4k2hdc0wmVyRalYSNjHKtQ/Rb/PMx\nc0aWcwp7hEKgKJDq5kNrRqZ+OjcxXBj5Jv14yTmKkdHAGBQJu1JtTXp1t0zbl+1y\n+TlhNOSJIIKEGLSbhvjFp7gVyvLcmDFBKUDSHXZX0dqJoeY=\n-----END CERTIFICATE-----",
                "common_name": "C=US,O=Google\\, Inc,CN=Google Cloud SQL Server CA,dnQualifier=aecdb28c-7d6b-44ff-ac4b-7a26f8595f9c",
                "create_time": "2021-05-02T19:36:39.894Z",
                "expiration_time": "2031-04-30T19:37:39.894Z",
                "sha1_fingerprint": "5576ac6a7c7be42dd9644441c58ef5df0f511a95"
              }
            ],
            "service_account_email_address": "p947072184123-8jzr08@gcp-sa-cloud-sql.iam.gserviceaccount.com",
            "settings": [
              {
                "activation_policy": "ALWAYS",
                "authorized_gae_applications": [],
                "availability_type": "ZONAL",
                "backup_configuration": [
                  {
                    "backup_retention_settings": [
                      {
                        "retained_backups": 7,
                        "retention_unit": "COUNT"
                      }
                    ],
                    "binary_log_enabled": false,
                    "enabled": false,
                    "location": "",
                    "point_in_time_recovery_enabled": false,
                    "start_time": "21:00",
                    "transaction_log_retention_days": 7
                  }
                ],
                "crash_safe_replication": false,
                "database_flags": [],
                "disk_autoresize": true,
                "disk_size": 10,
                "disk_type": "PD_SSD",
                "insights_config": [],
                "ip_configuration": [
                  {
                    "authorized_networks": [],
                    "ipv4_enabled": true,
                    "private_network": "",
                    "require_ssl": false
                  }
                ],
                "location_preference": [
                  {
                    "follow_gae_application": "",
                    "zone": "europe-west1-d"
                  }
                ],
                "maintenance_window": [],
                "pricing_plan": "PER_USE",
                "replication_type": "SYNCHRONOUS",
                "tier": "db-n1-standard-2",
                "user_labels": {},
                "version": 1
              }
            ],
            "timeouts": null
          },
          "sensitive_attributes": [],
          "private": "eyJlMmJmYjczMC1lY2FhLTExZTYtOGY4OC0zNDM2M2JjN2M0YzAiOnsiY3JlYXRlIjoxODAwMDAwMDAwMDAwLCJkZWxldGUiOjE4MDAwMDAwMDAwMDAsInVwZGF0ZSI6MTgwMDAwMDAwMDAwMH19"
        }
      ]
    },
    {
      "mode": "managed",
      "type": "google_sql_user",
      "name": "users",
      "provider": "provider[\"registry.terraform.io/hashicorp/google\"]",
      "instances": [
        {
          "schema_version": 1,
          "attributes": {
            "deletion_policy": null,
            "host": "%",
            "id": "alex/%/instancia-sql",
            "instance": "instancia-sql",
            "name": "alex",
            "password": "1234",
            "project": "947072184123",
            "timeouts": null,
            "type": ""
          },
          "sensitive_attributes": [],
          "private": "eyJlMmJmYjczMC1lY2FhLTExZTYtOGY4OC0zNDM2M2JjN2M0YzAiOnsiY3JlYXRlIjo2MDAwMDAwMDAwMDAsImRlbGV0ZSI6NjAwMDAwMDAwMDAwLCJ1cGRhdGUiOjYwMDAwMDAwMDAwMH0sInNjaGVtYV92ZXJzaW9uIjoiMSJ9",
          "dependencies": [
            "google_sql_database_instance.master1"
          ]
        }
      ]
    }
  ]
}
